{
  "originHash" : "7999e7c2005a54e3ab5cd277b3224603325b986d9512c4089fbc8c23f77dbe55",
  "pins" : [
    {
      "identity" : "kingfisher",
      "kind" : "remoteSourceControl",
      "location" : "https://github.com/onevcat/Kingfisher",
      "state" : {
        "revision" : "fa3609d1975791c0a6e6f75a56dc20a957967769",
        "version" : "8.1.4"
      }
    }
  ],
  "version" : 3
}
